
Microsoft Visual Studio Solution File, Format Version 12.00
# Visual Studio Version 17
VisualStudioVersion = 17.6.33829.357
MinimumVisualStudioVersion = 10.0.40219.1
Project("{FAE04EC0-301F-11D3-BF4B-00C04F79EFBC}") = "Robson", "Robson\Robson.csproj", "{89915681-ECC7-4711-8903-6FE6BD3FAE74}"
EndProject
Global
	GlobalSection(SolutionConfigurationPlatforms) = preSolution
		Debug|Any CPU = Debug|Any CPU
		Release|Any CPU = Release|Any CPU
	EndGlobalSection
	GlobalSection(ProjectConfigurationPlatforms) = postSolution
		{89915681-ECC7-4711-8903-6FE6BD3FAE74}.Debug|Any CPU.ActiveCfg = Debug|Any CPU
		{89915681-ECC7-4711-8903-6FE6BD3FAE74}.Debug|Any CPU.Build.0 = Debug|Any CPU
		{89915681-ECC7-4711-8903-6FE6BD3FAE74}.Release|Any CPU.ActiveCfg = Release|Any CPU
		{89915681-ECC7-4711-8903-6FE6BD3FAE74}.Release|Any CPU.Build.0 = Release|Any CPU
	EndGlobalSection
	GlobalSection(SolutionProperties) = preSolution
		HideSolutionNode = FALSE
	EndGlobalSection
	GlobalSection(ExtensibilityGlobals) = postSolution
		SolutionGuid = {E2DF7935-E6A7-47FA-AEE5-5734284E1720}
	EndGlobalSection
EndGlobal
